<?xml version="1.0" encoding="utf-8"?>
<Project ToolsVersion="4.0" xmlns="http://schemas.microsoft.com/developer/msbuild/2003">
  <ItemGroup>
    <Filter Include="Source Files">
      <UniqueIdentifier>{4FC737F1-C7A5-4376-A066-2A32D752A2FF}</UniqueIdentifier>
      <Extensions>cpp;c;cc;cxx;def;odl;idl;hpj;bat;asm;asmx</Extensions>
    </Filter>
    <Filter Include="Header Files">
      <UniqueIdentifier>{93995380-89BD-4b04-88EB-625FBE52EBFB}</UniqueIdentifier>
      <Extensions>h;hpp;hxx;hm;inl;inc;xsd</Extensions>
    </Filter>
    <Filter Include="Resource Files">
      <UniqueIdentifier>{67DA6AB6-F800-4c08-8B7A-83BB121AAD01}</UniqueIdentifier>
      <Extensions>rc;ico;cur;bmp;dlg;rc2;rct;bin;rgs;gif;jpg;jpeg;jpe;resx;tiff;tif;png;wav;mfcribbon-ms</Extensions>
    </Filter>
  </ItemGroup>
  <ItemGroup>
    <None Include="ReadMe.txt" />
    <None Include="IsotropicCuboid.dat">
      <Filter>Resource Files</Filter>
    </None>
    <None Include="LSCO.dat">
      <Filter>Resource Files</Filter>
    </None>
    <None Include="Diamond.dat">
      <Filter>Resource Files</Filter>
    </None>
    <None Include="PuCoGa5.dat">
      <Filter>Resource Files</Filter>
    </None>
    <None Include="TetragonalTest.dat">
      <Filter>Resource Files</Filter>
    </None>
    <None Include="CubicTest.dat">
      <Filter>Resource Files</Filter>
    </None>
    <None Include="PuCoGa5 - Copy.dat">
      <Filter>Resource Files</Filter>
    </None>
    <None Include="CeCoIn5.dat">
      <Filter>Resource Files</Filter>
    </None>
    <None Include="URu2Si2.dat">
      <Filter>Resource Files</Filter>
    </None>
    <None Include="CeCoIn5Big.dat">
      <Filter>Resource Files</Filter>
    </None>
    <None Include="URu2Si2_LowT.dat">
      <Filter>Resource Files</Filter>
    </None>
    <None Include="Nb.dat">
      <Filter>Resource Files</Filter>
    </None>
    <None Include="YBCO67.dat">
      <Filter>Resource Files</Filter>
    </None>
    <None Include="Hg1201.dat">
      <Filter>Resource Files</Filter>
    </None>
    <None Include="Hg1201_v2.dat">
      <Filter>Resource Files</Filter>
    </None>
  </ItemGroup>
  <ItemGroup>
    <ClInclude Include="stdafx.h">
      <Filter>Header Files</Filter>
    </ClInclude>
    <ClInclude Include="targetver.h">
      <Filter>Header Files</Filter>
    </ClInclude>
    <ClInclude Include="basis.h">
      <Filter>Header Files</Filter>
    </ClInclude>
    <ClInclude Include="ArrayAllocator.h">
      <Filter>Header Files</Filter>
    </ClInclude>
    <ClInclude Include="DataExtractor.h">
      <Filter>Header Files</Filter>
    </ClInclude>
    <ClInclude Include="GeneticAlgorithm.h">
      <Filter>Header Files</Filter>
    </ClInclude>
    <ClInclude Include="Parameters.h">
      <Filter>Header Files</Filter>
    </ClInclude>
  </ItemGroup>
  <ItemGroup>
    <ClCompile Include="stdafx.cpp">
      <Filter>Source Files</Filter>
    </ClCompile>
    <ClCompile Include="RUS.cpp">
      <Filter>Source Files</Filter>
    </ClCompile>
    <ClCompile Include="ArrayAllocator.cpp">
      <Filter>Source Files</Filter>
    </ClCompile>
    <ClCompile Include="DataExtractor.cpp">
      <Filter>Source Files</Filter>
    </ClCompile>
    <ClCompile Include="MatrixCalculations.cpp">
      <Filter>Source Files</Filter>
    </ClCompile>
    <ClCompile Include="BasisConstruction.cpp">
      <Filter>Source Files</Filter>
    </ClCompile>
    <ClCompile Include="InitializeGeneticAlgorithm.cpp">
      <Filter>Source Files</Filter>
    </ClCompile>
    <ClCompile Include="CrystalSymmetrySpecific.cpp">
      <Filter>Source Files</Filter>
    </ClCompile>
    <ClCompile Include="Combinatorics.cpp">
      <Filter>Source Files</Filter>
    </ClCompile>
    <ClCompile Include="GeneticAlgorithm.cpp">
      <Filter>Source Files</Filter>
    </ClCompile>
  </ItemGroup>
</Project>